
Microsoft Visual Studio Solution File, Format Version 12.00
# Visual Studio Version 17
VisualStudioVersion = 17.13.35825.156 d17.13
MinimumVisualStudioVersion = 10.0.40219.1
Project("{FAE04EC0-301F-11D3-BF4B-00C04F79EFBC}") = "jogoDeDados.ConsoleApp", "jogoDeDados.ConsoleApp\jogoDeDados.ConsoleApp.csproj", "{276E062E-864E-4B46-BA5C-1EA65DD2897E}"
EndProject
Global
	GlobalSection(SolutionConfigurationPlatforms) = preSolution
		Debug|Any CPU = Debug|Any CPU
		Release|Any CPU = Release|Any CPU
	EndGlobalSection
	GlobalSection(ProjectConfigurationPlatforms) = postSolution
		{276E062E-864E-4B46-BA5C-1EA65DD2897E}.Debug|Any CPU.ActiveCfg = Debug|Any CPU
		{276E062E-864E-4B46-BA5C-1EA65DD2897E}.Debug|Any CPU.Build.0 = Debug|Any CPU
		{276E062E-864E-4B46-BA5C-1EA65DD2897E}.Release|Any CPU.ActiveCfg = Release|Any CPU
		{276E062E-864E-4B46-BA5C-1EA65DD2897E}.Release|Any CPU.Build.0 = Release|Any CPU
	EndGlobalSection
	GlobalSection(SolutionProperties) = preSolution
		HideSolutionNode = FALSE
	EndGlobalSection
	GlobalSection(ExtensibilityGlobals) = postSolution
		SolutionGuid = {ABDF4593-ABA3-4195-B6F0-A8DD494318B2}
	EndGlobalSection
EndGlobal
